
Microsoft Visual Studio Solution File, Format Version 12.00
# Visual Studio Version 16
VisualStudioVersion = 16.0.29806.167
MinimumVisualStudioVersion = 10.0.40219.1
Project("{FAE04EC0-301F-11D3-BF4B-00C04F79EFBC}") = "DAL", "DAl\DAL.csproj", "{50729DA6-00DE-4CDE-9695-1C186CB16730}"
EndProject
Project("{FAE04EC0-301F-11D3-BF4B-00C04F79EFBC}") = "UI", "UI\UI.csproj", "{A1E06376-8911-4BF2-AEC5-7F5F9D74A74D}"
EndProject
Project("{FAE04EC0-301F-11D3-BF4B-00C04F79EFBC}") = "UnitTestProject", "UnitTestProject\UnitTestProject.csproj", "{B842F02A-BFD1-45C4-9FE1-57A04BE15118}"
EndProject
Project("{FAE04EC0-301F-11D3-BF4B-00C04F79EFBC}") = "MVCtest", "MVCtest\MVCtest.csproj", "{0291577F-9DE1-46CB-BA9A-5F639A8EDD4D}"
EndProject
Project("{FAE04EC0-301F-11D3-BF4B-00C04F79EFBC}") = "MVCtest.Tests", "MVCtest.Tests\MVCtest.Tests.csproj", "{885D8930-0BE9-44DA-9250-FC1500B44850}"
EndProject
Global
	GlobalSection(SolutionConfigurationPlatforms) = preSolution
		Debug|Any CPU = Debug|Any CPU
		Release|Any CPU = Release|Any CPU
	EndGlobalSection
	GlobalSection(ProjectConfigurationPlatforms) = postSolution
		{50729DA6-00DE-4CDE-9695-1C186CB16730}.Debug|Any CPU.ActiveCfg = Debug|Any CPU
		{50729DA6-00DE-4CDE-9695-1C186CB16730}.Debug|Any CPU.Build.0 = Debug|Any CPU
		{50729DA6-00DE-4CDE-9695-1C186CB16730}.Release|Any CPU.ActiveCfg = Release|Any CPU
		{50729DA6-00DE-4CDE-9695-1C186CB16730}.Release|Any CPU.Build.0 = Release|Any CPU
		{A1E06376-8911-4BF2-AEC5-7F5F9D74A74D}.Debug|Any CPU.ActiveCfg = Debug|Any CPU
		{A1E06376-8911-4BF2-AEC5-7F5F9D74A74D}.Debug|Any CPU.Build.0 = Debug|Any CPU
		{A1E06376-8911-4BF2-AEC5-7F5F9D74A74D}.Release|Any CPU.ActiveCfg = Release|Any CPU
		{A1E06376-8911-4BF2-AEC5-7F5F9D74A74D}.Release|Any CPU.Build.0 = Release|Any CPU
		{B842F02A-BFD1-45C4-9FE1-57A04BE15118}.Debug|Any CPU.ActiveCfg = Debug|Any CPU
		{B842F02A-BFD1-45C4-9FE1-57A04BE15118}.Debug|Any CPU.Build.0 = Debug|Any CPU
		{B842F02A-BFD1-45C4-9FE1-57A04BE15118}.Release|Any CPU.ActiveCfg = Release|Any CPU
		{B842F02A-BFD1-45C4-9FE1-57A04BE15118}.Release|Any CPU.Build.0 = Release|Any CPU
		{0291577F-9DE1-46CB-BA9A-5F639A8EDD4D}.Debug|Any CPU.ActiveCfg = Debug|Any CPU
		{0291577F-9DE1-46CB-BA9A-5F639A8EDD4D}.Debug|Any CPU.Build.0 = Debug|Any CPU
		{0291577F-9DE1-46CB-BA9A-5F639A8EDD4D}.Release|Any CPU.ActiveCfg = Release|Any CPU
		{0291577F-9DE1-46CB-BA9A-5F639A8EDD4D}.Release|Any CPU.Build.0 = Release|Any CPU
		{885D8930-0BE9-44DA-9250-FC1500B44850}.Debug|Any CPU.ActiveCfg = Debug|Any CPU
		{885D8930-0BE9-44DA-9250-FC1500B44850}.Debug|Any CPU.Build.0 = Debug|Any CPU
		{885D8930-0BE9-44DA-9250-FC1500B44850}.Release|Any CPU.ActiveCfg = Release|Any CPU
		{885D8930-0BE9-44DA-9250-FC1500B44850}.Release|Any CPU.Build.0 = Release|Any CPU
	EndGlobalSection
	GlobalSection(SolutionProperties) = preSolution
		HideSolutionNode = FALSE
	EndGlobalSection
	GlobalSection(ExtensibilityGlobals) = postSolution
		SolutionGuid = {2180E19B-A05C-4317-BBD5-16FB95EAF4EB}
	EndGlobalSection
EndGlobal
